// !$*UTF8*$!
{
	archiveVersion = 1;
	classes = {
	};
	objectVersion = 50;
	objects = {

/* Begin PBXBuildFile section */
		5E1B269220A49C2B007A5EA6 /* ModelsViewController.swift in Sources */ = {isa = PBXBuildFile; fileRef = 5E1B269120A49C2B007A5EA6 /* ModelsViewController.swift */; };
		5E6BC31620A0325800E80A51 /* AppDelegate.swift in Sources */ = {isa = PBXBuildFile; fileRef = 5E6BC31520A0325800E80A51 /* AppDelegate.swift */; };
		5E6BC31820A0325800E80A51 /* art.scnassets in Resources */ = {isa = PBXBuildFile; fileRef = 5E6BC31720A0325800E80A51 /* art.scnassets */; };
		5E6BC31A20A0325800E80A51 /* ViewController.swift in Sources */ = {isa = PBXBuildFile; fileRef = 5E6BC31920A0325800E80A51 /* ViewController.swift */; };
		5E6BC31D20A0325800E80A51 /* Main.storyboard in Resources */ = {isa = PBXBuildFile; fileRef = 5E6BC31B20A0325800E80A51 /* Main.storyboard */; };
		5E6BC31F20A0325900E80A51 /* Assets.xcassets in Resources */ = {isa = PBXBuildFile; fileRef = 5E6BC31E20A0325900E80A51 /* Assets.xcassets */; };
		5E6BC32220A0325900E80A51 /* LaunchScreen.storyboard in Resources */ = {isa = PBXBuildFile; fileRef = 5E6BC32020A0325900E80A51 /* LaunchScreen.storyboard */; };
		5E6BC32A20A0349A00E80A51 /* .gitignore in Resources */ = {isa = PBXBuildFile; fileRef = 5E6BC32920A0349A00E80A51 /* .gitignore */; };
		AB5DA70A20A97A4E007011BD /* Pods-AR-Photoday.debug.xcconfig in Resources */ = {isa = PBXBuildFile; fileRef = 052483BD7A106EAC51EF6585 /* Pods-AR-Photoday.debug.xcconfig */; };
		AB5DA70B20A97A51007011BD /* Pods-AR-Photoday.release.xcconfig in Resources */ = {isa = PBXBuildFile; fileRef = 08408CD115FEE58A487610C8 /* Pods-AR-Photoday.release.xcconfig */; };
		ABEBB41E20A18B1D00FFDC69 /* ChromaShadeSlider.swift in Sources */ = {isa = PBXBuildFile; fileRef = ABEBB41620A18B1D00FFDC69 /* ChromaShadeSlider.swift */; };
		ABEBB41F20A18B1D00FFDC69 /* UIColor+Utilities.swift in Sources */ = {isa = PBXBuildFile; fileRef = ABEBB41720A18B1D00FFDC69 /* UIColor+Utilities.swift */; };
		ABEBB42020A18B1D00FFDC69 /* ChromaColorPicker.swift in Sources */ = {isa = PBXBuildFile; fileRef = ABEBB41920A18B1D00FFDC69 /* ChromaColorPicker.swift */; };
		ABEBB42120A18B1D00FFDC69 /* ColorModeToggleButton.swift in Sources */ = {isa = PBXBuildFile; fileRef = ABEBB41A20A18B1D00FFDC69 /* ColorModeToggleButton.swift */; };
		ABEBB42220A18B1D00FFDC69 /* Info.plist in Resources */ = {isa = PBXBuildFile; fileRef = ABEBB41B20A18B1D00FFDC69 /* Info.plist */; };
		ABEBB42320A18B1D00FFDC69 /* ChromaHandle.swift in Sources */ = {isa = PBXBuildFile; fileRef = ABEBB41C20A18B1D00FFDC69 /* ChromaHandle.swift */; };
		ABEBB42420A18B1D00FFDC69 /* ChromaAddButton.swift in Sources */ = {isa = PBXBuildFile; fileRef = ABEBB41D20A18B1D00FFDC69 /* ChromaAddButton.swift */; };
		CF0976D293F206C2E52A0673 /* Pods_AR_Photoday.framework in Frameworks */ = {isa = PBXBuildFile; fileRef = C1B23CB8BE64563105648EB6 /* Pods_AR_Photoday.framework */; };
		F31F6C0A20A43AC30089BB05 /* PhotoGallery.swift in Sources */ = {isa = PBXBuildFile; fileRef = F31F6C0920A43AC30089BB05 /* PhotoGallery.swift */; };
		F325749F20A03C8500371039 /* SnapButton.swift in Sources */ = {isa = PBXBuildFile; fileRef = F325749E20A03C8500371039 /* SnapButton.swift */; };
		F3978E0E20A4820300FDEEA3 /* ChooseCTTableViewCell.swift in Sources */ = {isa = PBXBuildFile; fileRef = F3978E0D20A4820300FDEEA3 /* ChooseCTTableViewCell.swift */; };
		F3978E1820A4844B00FDEEA3 /* ColourTexture.swift in Sources */ = {isa = PBXBuildFile; fileRef = F3978E1720A4844B00FDEEA3 /* ColourTexture.swift */; };
		F3CBC7BA20A13D4D0081131D /* ColourPicker.swift in Sources */ = {isa = PBXBuildFile; fileRef = F3CBC7B920A13D4D0081131D /* ColourPicker.swift */; };
		F3CBC7DD20A14A300081131D /* ModelSetting.swift in Sources */ = {isa = PBXBuildFile; fileRef = F3CBC7DC20A14A2F0081131D /* ModelSetting.swift */; };
		F3CBC7E020A14A880081131D /* CustomTableViewCell.swift in Sources */ = {isa = PBXBuildFile; fileRef = F3CBC7DF20A14A880081131D /* CustomTableViewCell.swift */; };
		F3E0F9F020A3F02E000E2B6D /* stickerCollectionViewCell.swift in Sources */ = {isa = PBXBuildFile; fileRef = F3E0F9EF20A3F02E000E2B6D /* stickerCollectionViewCell.swift */; };
/* End PBXBuildFile section */

/* Begin PBXFileReference section */
		052483BD7A106EAC51EF6585 /* Pods-AR-Photoday.debug.xcconfig */ = {isa = PBXFileReference; includeInIndex = 1; lastKnownFileType = text.xcconfig; name = "Pods-AR-Photoday.debug.xcconfig"; path = "Pods/Target Support Files/Pods-AR-Photoday/Pods-AR-Photoday.debug.xcconfig"; sourceTree = "<group>"; };
		08408CD115FEE58A487610C8 /* Pods-AR-Photoday.release.xcconfig */ = {isa = PBXFileReference; includeInIndex = 1; lastKnownFileType = text.xcconfig; name = "Pods-AR-Photoday.release.xcconfig"; path = "Pods/Target Support Files/Pods-AR-Photoday/Pods-AR-Photoday.release.xcconfig"; sourceTree = "<group>"; };
		5E1B269120A49C2B007A5EA6 /* ModelsViewController.swift */ = {isa = PBXFileReference; lastKnownFileType = sourcecode.swift; path = ModelsViewController.swift; sourceTree = "<group>"; };
		5E6BC31220A0325800E80A51 /* AR-Photoday.app */ = {isa = PBXFileReference; explicitFileType = wrapper.application; includeInIndex = 0; path = "AR-Photoday.app"; sourceTree = BUILT_PRODUCTS_DIR; };
		5E6BC31520A0325800E80A51 /* AppDelegate.swift */ = {isa = PBXFileReference; lastKnownFileType = sourcecode.swift; path = AppDelegate.swift; sourceTree = "<group>"; };
		5E6BC31720A0325800E80A51 /* art.scnassets */ = {isa = PBXFileReference; lastKnownFileType = wrapper.scnassets; path = art.scnassets; sourceTree = "<group>"; };
		5E6BC31920A0325800E80A51 /* ViewController.swift */ = {isa = PBXFileReference; lastKnownFileType = sourcecode.swift; path = ViewController.swift; sourceTree = "<group>"; };
		5E6BC31C20A0325800E80A51 /* Base */ = {isa = PBXFileReference; lastKnownFileType = file.storyboard; name = Base; path = Base.lproj/Main.storyboard; sourceTree = "<group>"; };
		5E6BC31E20A0325900E80A51 /* Assets.xcassets */ = {isa = PBXFileReference; lastKnownFileType = folder.assetcatalog; path = Assets.xcassets; sourceTree = "<group>"; };
		5E6BC32120A0325900E80A51 /* Base */ = {isa = PBXFileReference; lastKnownFileType = file.storyboard; name = Base; path = Base.lproj/LaunchScreen.storyboard; sourceTree = "<group>"; };
		5E6BC32320A0325900E80A51 /* Info.plist */ = {isa = PBXFileReference; lastKnownFileType = text.plist.xml; path = Info.plist; sourceTree = "<group>"; };
		5E6BC32920A0349A00E80A51 /* .gitignore */ = {isa = PBXFileReference; lastKnownFileType = text; path = .gitignore; sourceTree = "<group>"; };
		ABEBB41620A18B1D00FFDC69 /* ChromaShadeSlider.swift */ = {isa = PBXFileReference; fileEncoding = 4; lastKnownFileType = sourcecode.swift; path = ChromaShadeSlider.swift; sourceTree = "<group>"; };
		ABEBB41720A18B1D00FFDC69 /* UIColor+Utilities.swift */ = {isa = PBXFileReference; fileEncoding = 4; lastKnownFileType = sourcecode.swift; path = "UIColor+Utilities.swift"; sourceTree = "<group>"; };
		ABEBB41820A18B1D00FFDC69 /* ChromaColorPicker.h */ = {isa = PBXFileReference; fileEncoding = 4; lastKnownFileType = sourcecode.c.h; path = ChromaColorPicker.h; sourceTree = "<group>"; };
		ABEBB41920A18B1D00FFDC69 /* ChromaColorPicker.swift */ = {isa = PBXFileReference; fileEncoding = 4; lastKnownFileType = sourcecode.swift; path = ChromaColorPicker.swift; sourceTree = "<group>"; };
		ABEBB41A20A18B1D00FFDC69 /* ColorModeToggleButton.swift */ = {isa = PBXFileReference; fileEncoding = 4; lastKnownFileType = sourcecode.swift; path = ColorModeToggleButton.swift; sourceTree = "<group>"; };
		ABEBB41B20A18B1D00FFDC69 /* Info.plist */ = {isa = PBXFileReference; fileEncoding = 4; lastKnownFileType = text.plist.xml; path = Info.plist; sourceTree = "<group>"; };
		ABEBB41C20A18B1D00FFDC69 /* ChromaHandle.swift */ = {isa = PBXFileReference; fileEncoding = 4; lastKnownFileType = sourcecode.swift; path = ChromaHandle.swift; sourceTree = "<group>"; };
		ABEBB41D20A18B1D00FFDC69 /* ChromaAddButton.swift */ = {isa = PBXFileReference; fileEncoding = 4; lastKnownFileType = sourcecode.swift; path = ChromaAddButton.swift; sourceTree = "<group>"; };
		C1B23CB8BE64563105648EB6 /* Pods_AR_Photoday.framework */ = {isa = PBXFileReference; explicitFileType = wrapper.framework; includeInIndex = 0; path = Pods_AR_Photoday.framework; sourceTree = BUILT_PRODUCTS_DIR; };
		F31F6C0920A43AC30089BB05 /* PhotoGallery.swift */ = {isa = PBXFileReference; fileEncoding = 4; lastKnownFileType = sourcecode.swift; path = PhotoGallery.swift; sourceTree = "<group>"; };
		F325749E20A03C8500371039 /* SnapButton.swift */ = {isa = PBXFileReference; lastKnownFileType = sourcecode.swift; path = SnapButton.swift; sourceTree = "<group>"; };
		F3978E0D20A4820300FDEEA3 /* ChooseCTTableViewCell.swift */ = {isa = PBXFileReference; lastKnownFileType = sourcecode.swift; path = ChooseCTTableViewCell.swift; sourceTree = "<group>"; };
		F3978E1720A4844B00FDEEA3 /* ColourTexture.swift */ = {isa = PBXFileReference; lastKnownFileType = sourcecode.swift; path = ColourTexture.swift; sourceTree = "<group>"; };
		F3CBC7B920A13D4D0081131D /* ColourPicker.swift */ = {isa = PBXFileReference; lastKnownFileType = sourcecode.swift; path = ColourPicker.swift; sourceTree = "<group>"; };
		F3CBC7DC20A14A2F0081131D /* ModelSetting.swift */ = {isa = PBXFileReference; fileEncoding = 4; lastKnownFileType = sourcecode.swift; path = ModelSetting.swift; sourceTree = "<group>"; };
		F3CBC7DF20A14A880081131D /* CustomTableViewCell.swift */ = {isa = PBXFileReference; lastKnownFileType = sourcecode.swift; path = CustomTableViewCell.swift; sourceTree = "<group>"; };
		F3E0F9EF20A3F02E000E2B6D /* stickerCollectionViewCell.swift */ = {isa = PBXFileReference; lastKnownFileType = sourcecode.swift; path = stickerCollectionViewCell.swift; sourceTree = "<group>"; };
/* End PBXFileReference section */

/* Begin PBXFrameworksBuildPhase section */
		5E6BC30F20A0325800E80A51 /* Frameworks */ = {
			isa = PBXFrameworksBuildPhase;
			buildActionMask = 2147483647;
			files = (
				CF0976D293F206C2E52A0673 /* Pods_AR_Photoday.framework in Frameworks */,
			);
			runOnlyForDeploymentPostprocessing = 0;
		};
/* End PBXFrameworksBuildPhase section */

/* Begin PBXGroup section */
		22DC86E66237D2498D26C69D /* Frameworks */ = {
			isa = PBXGroup;
			children = (
				C1B23CB8BE64563105648EB6 /* Pods_AR_Photoday.framework */,
			);
			name = Frameworks;
			sourceTree = "<group>";
		};
		5E6BC30920A0325800E80A51 = {
			isa = PBXGroup;
			children = (
				5E6BC32920A0349A00E80A51 /* .gitignore */,
				5E6BC31420A0325800E80A51 /* AR-Photoday */,
				5E6BC31320A0325800E80A51 /* Products */,
				F3A2327720A438CB00F6A937 /* Recovered References */,
				C6EF2F80A044BD506B49AD51 /* Pods */,
				22DC86E66237D2498D26C69D /* Frameworks */,
			);
			sourceTree = "<group>";
		};
		5E6BC31320A0325800E80A51 /* Products */ = {
			isa = PBXGroup;
			children = (
				5E6BC31220A0325800E80A51 /* AR-Photoday.app */,
			);
			name = Products;
			sourceTree = "<group>";
		};
		5E6BC31420A0325800E80A51 /* AR-Photoday */ = {
			isa = PBXGroup;
			children = (
				ABEBB41520A18B1D00FFDC69 /* ChromaColorPicker */,
				F3CBC7DE20A14A580081131D /* ColourSetting */,
				F325749E20A03C8500371039 /* SnapButton.swift */,
				F31F6C0920A43AC30089BB05 /* PhotoGallery.swift */,
				5E6BC31520A0325800E80A51 /* AppDelegate.swift */,
				5E6BC31720A0325800E80A51 /* art.scnassets */,
				5E6BC31920A0325800E80A51 /* ViewController.swift */,
				5E6BC31B20A0325800E80A51 /* Main.storyboard */,
				5E1B269120A49C2B007A5EA6 /* ModelsViewController.swift */,
				F3E0F9EF20A3F02E000E2B6D /* stickerCollectionViewCell.swift */,
				5E6BC31E20A0325900E80A51 /* Assets.xcassets */,
				5E6BC32020A0325900E80A51 /* LaunchScreen.storyboard */,
				5E6BC32320A0325900E80A51 /* Info.plist */,
				F3CBC7B920A13D4D0081131D /* ColourPicker.swift */,
				F3978E1720A4844B00FDEEA3 /* ColourTexture.swift */,
			);
			path = "AR-Photoday";
			sourceTree = "<group>";
		};
		ABEBB41520A18B1D00FFDC69 /* ChromaColorPicker */ = {
			isa = PBXGroup;
			children = (
				ABEBB41620A18B1D00FFDC69 /* ChromaShadeSlider.swift */,
				ABEBB41720A18B1D00FFDC69 /* UIColor+Utilities.swift */,
				ABEBB41820A18B1D00FFDC69 /* ChromaColorPicker.h */,
				ABEBB41920A18B1D00FFDC69 /* ChromaColorPicker.swift */,
				ABEBB41A20A18B1D00FFDC69 /* ColorModeToggleButton.swift */,
				ABEBB41B20A18B1D00FFDC69 /* Info.plist */,
				ABEBB41C20A18B1D00FFDC69 /* ChromaHandle.swift */,
				ABEBB41D20A18B1D00FFDC69 /* ChromaAddButton.swift */,
			);
			path = ChromaColorPicker;
			sourceTree = "<group>";
		};
		C6EF2F80A044BD506B49AD51 /* Pods */ = {
			isa = PBXGroup;
			children = (
				052483BD7A106EAC51EF6585 /* Pods-AR-Photoday.debug.xcconfig */,
				08408CD115FEE58A487610C8 /* Pods-AR-Photoday.release.xcconfig */,
			);
			name = Pods;
			sourceTree = "<group>";
		};
		F3A2327720A438CB00F6A937 /* Recovered References */ = {
			isa = PBXGroup;
			children = (
			);
			name = "Recovered References";
			sourceTree = "<group>";
		};
		F3CBC7DE20A14A580081131D /* ColourSetting */ = {
			isa = PBXGroup;
			children = (
				F3CBC7DC20A14A2F0081131D /* ModelSetting.swift */,
				F3CBC7DF20A14A880081131D /* CustomTableViewCell.swift */,
				F3978E0D20A4820300FDEEA3 /* ChooseCTTableViewCell.swift */,
			);
			path = ColourSetting;
			sourceTree = "<group>";
		};
/* End PBXGroup section */

/* Begin PBXNativeTarget section */
		5E6BC31120A0325800E80A51 /* AR-Photoday */ = {
			isa = PBXNativeTarget;
			buildConfigurationList = 5E6BC32620A0325900E80A51 /* Build configuration list for PBXNativeTarget "AR-Photoday" */;
			buildPhases = (
				46CC73E40F797EA483E6F384 /* [CP] Check Pods Manifest.lock */,
				5E6BC30E20A0325800E80A51 /* Sources */,
				5E6BC30F20A0325800E80A51 /* Frameworks */,
				5E6BC31020A0325800E80A51 /* Resources */,
				4FB0C041FD1B26E19B14DB0D /* [CP] Embed Pods Frameworks */,
			);
			buildRules = (
			);
			dependencies = (
			);
			name = "AR-Photoday";
			productName = "AR-Photoday";
			productReference = 5E6BC31220A0325800E80A51 /* AR-Photoday.app */;
			productType = "com.apple.product-type.application";
		};
/* End PBXNativeTarget section */

/* Begin PBXProject section */
		5E6BC30A20A0325800E80A51 /* Project object */ = {
			isa = PBXProject;
			attributes = {
				LastSwiftUpdateCheck = 0930;
				LastUpgradeCheck = 0930;
				ORGANIZATIONNAME = Group7;
				TargetAttributes = {
					5E6BC31120A0325800E80A51 = {
						CreatedOnToolsVersion = 9.3;
						LastSwiftMigration = 0930;
					};
				};
			};
			buildConfigurationList = 5E6BC30D20A0325800E80A51 /* Build configuration list for PBXProject "AR-Photoday" */;
			compatibilityVersion = "Xcode 9.3";
			developmentRegion = en;
			hasScannedForEncodings = 0;
			knownRegions = (
				en,
				Base,
			);
			mainGroup = 5E6BC30920A0325800E80A51;
			productRefGroup = 5E6BC31320A0325800E80A51 /* Products */;
			projectDirPath = "";
			projectRoot = "";
			targets = (
				5E6BC31120A0325800E80A51 /* AR-Photoday */,
			);
		};
/* End PBXProject section */

/* Begin PBXResourcesBuildPhase section */
		5E6BC31020A0325800E80A51 /* Resources */ = {
			isa = PBXResourcesBuildPhase;
			buildActionMask = 2147483647;
			files = (
				AB5DA70A20A97A4E007011BD /* Pods-AR-Photoday.debug.xcconfig in Resources */,
				5E6BC32A20A0349A00E80A51 /* .gitignore in Resources */,
				5E6BC31820A0325800E80A51 /* art.scnassets in Resources */,
				ABEBB42220A18B1D00FFDC69 /* Info.plist in Resources */,
				5E6BC32220A0325900E80A51 /* LaunchScreen.storyboard in Resources */,
				5E6BC31F20A0325900E80A51 /* Assets.xcassets in Resources */,
				AB5DA70B20A97A51007011BD /* Pods-AR-Photoday.release.xcconfig in Resources */,
				5E6BC31D20A0325800E80A51 /* Main.storyboard in Resources */,
			);
			runOnlyForDeploymentPostprocessing = 0;
		};
/* End PBXResourcesBuildPhase section */

/* Begin PBXShellScriptBuildPhase section */
		46CC73E40F797EA483E6F384 /* [CP] Check Pods Manifest.lock */ = {
			isa = PBXShellScriptBuildPhase;
			buildActionMask = 2147483647;
			files = (
			);
			inputPaths = (
				"${PODS_PODFILE_DIR_PATH}/Podfile.lock",
				"${PODS_ROOT}/Manifest.lock",
			);
			name = "[CP] Check Pods Manifest.lock";
			outputPaths = (
				"$(DERIVED_FILE_DIR)/Pods-AR-Photoday-checkManifestLockResult.txt",
			);
			runOnlyForDeploymentPostprocessing = 0;
			shellPath = /bin/sh;
			shellScript = "diff \"${PODS_PODFILE_DIR_PATH}/Podfile.lock\" \"${PODS_ROOT}/Manifest.lock\" > /dev/null\nif [ $? != 0 ] ; then\n    # print error to STDERR\n    echo \"error: The sandbox is not in sync with the Podfile.lock. Run 'pod install' or update your CocoaPods installation.\" >&2\n    exit 1\nfi\n# This output is used by Xcode 'outputs' to avoid re-running this script phase.\necho \"SUCCESS\" > \"${SCRIPT_OUTPUT_FILE_0}\"\n";
			showEnvVarsInLog = 0;
		};
		4FB0C041FD1B26E19B14DB0D /* [CP] Embed Pods Frameworks */ = {
			isa = PBXShellScriptBuildPhase;
			buildActionMask = 2147483647;
			files = (
			);
			inputPaths = (
				"${SRCROOT}/Pods/Target Support Files/Pods-AR-Photoday/Pods-AR-Photoday-frameworks.sh",
				"${BUILT_PRODUCTS_DIR}/Toast-Swift/Toast_Swift.framework",
			);
			name = "[CP] Embed Pods Frameworks";
			outputPaths = (
				"${TARGET_BUILD_DIR}/${FRAMEWORKS_FOLDER_PATH}/Toast_Swift.framework",
			);
			runOnlyForDeploymentPostprocessing = 0;
			shellPath = /bin/sh;
			shellScript = "\"${SRCROOT}/Pods/Target Support Files/Pods-AR-Photoday/Pods-AR-Photoday-frameworks.sh\"\n";
			showEnvVarsInLog = 0;
		};
/* End PBXShellScriptBuildPhase section */

/* Begin PBXSourcesBuildPhase section */
		5E6BC30E20A0325800E80A51 /* Sources */ = {
			isa = PBXSourcesBuildPhase;
			buildActionMask = 2147483647;
			files = (
				ABEBB42320A18B1D00FFDC69 /* ChromaHandle.swift in Sources */,
				5E6BC31A20A0325800E80A51 /* ViewController.swift in Sources */,
				F3CBC7BA20A13D4D0081131D /* ColourPicker.swift in Sources */,
				5E1B269220A49C2B007A5EA6 /* ModelsViewController.swift in Sources */,
				F3978E1820A4844B00FDEEA3 /* ColourTexture.swift in Sources */,
				ABEBB42420A18B1D00FFDC69 /* ChromaAddButton.swift in Sources */,
				ABEBB41E20A18B1D00FFDC69 /* ChromaShadeSlider.swift in Sources */,
				F3CBC7E020A14A880081131D /* CustomTableViewCell.swift in Sources */,
				5E6BC31620A0325800E80A51 /* AppDelegate.swift in Sources */,
				F325749F20A03C8500371039 /* SnapButton.swift in Sources */,
				ABEBB41F20A18B1D00FFDC69 /* UIColor+Utilities.swift in Sources */,
				F3978E0E20A4820300FDEEA3 /* ChooseCTTableViewCell.swift in Sources */,
				F3E0F9F020A3F02E000E2B6D /* stickerCollectionViewCell.swift in Sources */,
				F3CBC7DD20A14A300081131D /* ModelSetting.swift in Sources */,
				F31F6C0A20A43AC30089BB05 /* PhotoGallery.swift in Sources */,
				ABEBB42120A18B1D00FFDC69 /* ColorModeToggleButton.swift in Sources */,
				ABEBB42020A18B1D00FFDC69 /* ChromaColorPicker.swift in Sources */,
			);
			runOnlyForDeploymentPostprocessing = 0;
		};
/* End PBXSourcesBuildPhase section */

/* Begin PBXVariantGroup section */
		5E6BC31B20A0325800E80A51 /* Main.storyboard */ = {
			isa = PBXVariantGroup;
			children = (
				5E6BC31C20A0325800E80A51 /* Base */,
			);
			name = Main.storyboard;
			sourceTree = "<group>";
		};
		5E6BC32020A0325900E80A51 /* LaunchScreen.storyboard */ = {
			isa = PBXVariantGroup;
			children = (
				5E6BC32120A0325900E80A51 /* Base */,
			);
			name = LaunchScreen.storyboard;
			sourceTree = "<group>";
		};
/* End PBXVariantGroup section */

/* Begin XCBuildConfiguration section */
		5E6BC32420A0325900E80A51 /* Debug */ = {
			isa = XCBuildConfiguration;
			buildSettings = {
				ALWAYS_SEARCH_USER_PATHS = NO;
				CLANG_ANALYZER_NONNULL = YES;
				CLANG_ANALYZER_NUMBER_OBJECT_CONVERSION = YES_AGGRESSIVE;
				CLANG_CXX_LANGUAGE_STANDARD = "gnu++14";
				CLANG_CXX_LIBRARY = "libc++";
				CLANG_ENABLE_MODULES = YES;
				CLANG_ENABLE_OBJC_ARC = YES;
				CLANG_ENABLE_OBJC_WEAK = YES;
				CLANG_WARN_BLOCK_CAPTURE_AUTORELEASING = YES;
				CLANG_WARN_BOOL_CONVERSION = YES;
				CLANG_WARN_COMMA = YES;
				CLANG_WARN_CONSTANT_CONVERSION = YES;
				CLANG_WARN_DEPRECATED_OBJC_IMPLEMENTATIONS = YES;
				CLANG_WARN_DIRECT_OBJC_ISA_USAGE = YES_ERROR;
				CLANG_WARN_DOCUMENTATION_COMMENTS = YES;
				CLANG_WARN_EMPTY_BODY = YES;
				CLANG_WARN_ENUM_CONVERSION = YES;
				CLANG_WARN_INFINITE_RECURSION = YES;
				CLANG_WARN_INT_CONVERSION = YES;
				CLANG_WARN_NON_LITERAL_NULL_CONVERSION = YES;
				CLANG_WARN_OBJC_IMPLICIT_RETAIN_SELF = YES;
				CLANG_WARN_OBJC_LITERAL_CONVERSION = YES;
				CLANG_WARN_OBJC_ROOT_CLASS = YES_ERROR;
				CLANG_WARN_RANGE_LOOP_ANALYSIS = YES;
				CLANG_WARN_STRICT_PROTOTYPES = YES;
				CLANG_WARN_SUSPICIOUS_MOVE = YES;
				CLANG_WARN_UNGUARDED_AVAILABILITY = YES_AGGRESSIVE;
				CLANG_WARN_UNREACHABLE_CODE = YES;
				CLANG_WARN__DUPLICATE_METHOD_MATCH = YES;
				CODE_SIGN_IDENTITY = "iPhone Developer";
				COPY_PHASE_STRIP = NO;
				DEBUG_INFORMATION_FORMAT = dwarf;
				ENABLE_STRICT_OBJC_MSGSEND = YES;
				ENABLE_TESTABILITY = YES;
				GCC_C_LANGUAGE_STANDARD = gnu11;
				GCC_DYNAMIC_NO_PIC = NO;
				GCC_NO_COMMON_BLOCKS = YES;
				GCC_OPTIMIZATION_LEVEL = 0;
				GCC_PREPROCESSOR_DEFINITIONS = (
					"DEBUG=1",
					"$(inherited)",
				);
				GCC_WARN_64_TO_32_BIT_CONVERSION = YES;
				GCC_WARN_ABOUT_RETURN_TYPE = YES_ERROR;
				GCC_WARN_UNDECLARED_SELECTOR = YES;
				GCC_WARN_UNINITIALIZED_AUTOS = YES_AGGRESSIVE;
				GCC_WARN_UNUSED_FUNCTION = YES;
				GCC_WARN_UNUSED_VARIABLE = YES;
				IPHONEOS_DEPLOYMENT_TARGET = 11.3;
				MTL_ENABLE_DEBUG_INFO = YES;
				ONLY_ACTIVE_ARCH = YES;
				SDKROOT = iphoneos;
				SWIFT_ACTIVE_COMPILATION_CONDITIONS = DEBUG;
				SWIFT_OPTIMIZATION_LEVEL = "-Onone";
			};
			name = Debug;
		};
		5E6BC32520A0325900E80A51 /* Release */ = {
			isa = XCBuildConfiguration;
			buildSettings = {
				ALWAYS_SEARCH_USER_PATHS = NO;
				CLANG_ANALYZER_NONNULL = YES;
				CLANG_ANALYZER_NUMBER_OBJECT_CONVERSION = YES_AGGRESSIVE;
				CLANG_CXX_LANGUAGE_STANDARD = "gnu++14";
				CLANG_CXX_LIBRARY = "libc++";
				CLANG_ENABLE_MODULES = YES;
				CLANG_ENABLE_OBJC_ARC = YES;
				CLANG_ENABLE_OBJC_WEAK = YES;
				CLANG_WARN_BLOCK_CAPTURE_AUTORELEASING = YES;
				CLANG_WARN_BOOL_CONVERSION = YES;
				CLANG_WARN_COMMA = YES;
				CLANG_WARN_CONSTANT_CONVERSION = YES;
				CLANG_WARN_DEPRECATED_OBJC_IMPLEMENTATIONS = YES;
				CLANG_WARN_DIRECT_OBJC_ISA_USAGE = YES_ERROR;
				CLANG_WARN_DOCUMENTATION_COMMENTS = YES;
				CLANG_WARN_EMPTY_BODY = YES;
				CLANG_WARN_ENUM_CONVERSION = YES;
				CLANG_WARN_INFINITE_RECURSION = YES;
				CLANG_WARN_INT_CONVERSION = YES;
				CLANG_WARN_NON_LITERAL_NULL_CONVERSION = YES;
				CLANG_WARN_OBJC_IMPLICIT_RETAIN_SELF = YES;
				CLANG_WARN_OBJC_LITERAL_CONVERSION = YES;
				CLANG_WARN_OBJC_ROOT_CLASS = YES_ERROR;
				CLANG_WARN_RANGE_LOOP_ANALYSIS = YES;
				CLANG_WARN_STRICT_PROTOTYPES = YES;
				CLANG_WARN_SUSPICIOUS_MOVE = YES;
				CLANG_WARN_UNGUARDED_AVAILABILITY = YES_AGGRESSIVE;
				CLANG_WARN_UNREACHABLE_CODE = YES;
				CLANG_WARN__DUPLICATE_METHOD_MATCH = YES;
				CODE_SIGN_IDENTITY = "iPhone Developer";
				COPY_PHASE_STRIP = NO;
				DEBUG_INFORMATION_FORMAT = "dwarf-with-dsym";
				ENABLE_NS_ASSERTIONS = NO;
				ENABLE_STRICT_OBJC_MSGSEND = YES;
				GCC_C_LANGUAGE_STANDARD = gnu11;
				GCC_NO_COMMON_BLOCKS = YES;
				GCC_WARN_64_TO_32_BIT_CONVERSION = YES;
				GCC_WARN_ABOUT_RETURN_TYPE = YES_ERROR;
				GCC_WARN_UNDECLARED_SELECTOR = YES;
				GCC_WARN_UNINITIALIZED_AUTOS = YES_AGGRESSIVE;
				GCC_WARN_UNUSED_FUNCTION = YES;
				GCC_WARN_UNUSED_VARIABLE = YES;
				IPHONEOS_DEPLOYMENT_TARGET = 11.3;
				MTL_ENABLE_DEBUG_INFO = NO;
				SDKROOT = iphoneos;
				SWIFT_COMPILATION_MODE = wholemodule;
				SWIFT_OPTIMIZATION_LEVEL = "-O";
				VALIDATE_PRODUCT = YES;
			};
			name = Release;
		};
		5E6BC32720A0325900E80A51 /* Debug */ = {
			isa = XCBuildConfiguration;
			baseConfigurationReference = 052483BD7A106EAC51EF6585 /* Pods-AR-Photoday.debug.xcconfig */;
			buildSettings = {
				ASSETCATALOG_COMPILER_APPICON_NAME = AppIcon;
				CLANG_ENABLE_MODULES = YES;
				CODE_SIGN_STYLE = Automatic;
				DEVELOPMENT_TEAM = VG9BK7LX5W;
				GCC_PREPROCESSOR_DEFINITIONS = "";
				INFOPLIST_FILE = "AR-Photoday/Info.plist";
				LD_RUNPATH_SEARCH_PATHS = (
					"$(inherited)",
					"@executable_path/Frameworks",
				);
				PRODUCT_BUNDLE_IDENTIFIER = "ivan.edu.cuhk.cse.csci4140.group7.AR-Photoday";
				PRODUCT_NAME = "$(TARGET_NAME)";
				SWIFT_OBJC_BRIDGING_HEADER = "AR-Photoday/AR-Photoday-Bridging-Header.h";
				SWIFT_OPTIMIZATION_LEVEL = "-Onone";
				SWIFT_VERSION = 4.0;
				TARGETED_DEVICE_FAMILY = "1,2";
			};
			name = Debug;
		};
		5E6BC32820A0325900E80A51 /* Release */ = {
			isa = XCBuildConfiguration;
			baseConfigurationReference = 08408CD115FEE58A487610C8 /* Pods-AR-Photoday.release.xcconfig */;
			buildSettings = {
				ASSETCATALOG_COMPILER_APPICON_NAME = AppIcon;
				CLANG_ENABLE_MODULES = YES;
				CODE_SIGN_STYLE = Automatic;
				DEVELOPMENT_TEAM = VG9BK7LX5W;
				GCC_PREPROCESSOR_DEFINITIONS = "";
				INFOPLIST_FILE = "AR-Photoday/Info.plist";
				LD_RUNPATH_SEARCH_PATHS = (
					"$(inherited)",
					"@executable_path/Frameworks",
				);
				PRODUCT_BUNDLE_IDENTIFIER = "ivan.edu.cuhk.cse.csci4140.group7.AR-Photoday";
				PRODUCT_NAME = "$(TARGET_NAME)";
				PROVISIONING_PROFILE_SPECIFIER = "";
				SWIFT_OBJC_BRIDGING_HEADER = "AR-Photoday/AR-Photoday-Bridging-Header.h";
				SWIFT_VERSION = 4.0;
				TARGETED_DEVICE_FAMILY = "1,2";
			};
			name = Release;
		};
/* End XCBuildConfiguration section */

/* Begin XCConfigurationList section */
		5E6BC30D20A0325800E80A51 /* Build configuration list for PBXProject "AR-Photoday" */ = {
			isa = XCConfigurationList;
			buildConfigurations = (
				5E6BC32420A0325900E80A51 /* Debug */,
				5E6BC32520A0325900E80A51 /* Release */,
			);
			defaultConfigurationIsVisible = 0;
			defaultConfigurationName = Release;
		};
		5E6BC32620A0325900E80A51 /* Build configuration list for PBXNativeTarget "AR-Photoday" */ = {
			isa = XCConfigurationList;
			buildConfigurations = (
				5E6BC32720A0325900E80A51 /* Debug */,
				5E6BC32820A0325900E80A51 /* Release */,
			);
			defaultConfigurationIsVisible = 0;
			defaultConfigurationName = Release;
		};
/* End XCConfigurationList section */
	};
	rootObject = 5E6BC30A20A0325800E80A51 /* Project object */;
}
